
Microsoft Visual Studio Solution File, Format Version 12.00
# Visual Studio Version 17
VisualStudioVersion = 17.5.002.0
MinimumVisualStudioVersion = 10.0.40219.1
Project("{9A19103F-16F7-4668-BE54-9A1E7A4F7556}") = "ai-poker-coach", "ai-poker-coach.csproj", "{45E1681E-39DA-4C42-8628-C41CB6919B5C}"
EndProject
Global
	GlobalSection(SolutionConfigurationPlatforms) = preSolution
		Debug|Any CPU = Debug|Any CPU
		Release|Any CPU = Release|Any CPU
	EndGlobalSection
	GlobalSection(ProjectConfigurationPlatforms) = postSolution
		{45E1681E-39DA-4C42-8628-C41CB6919B5C}.Debug|Any CPU.ActiveCfg = Debug|Any CPU
		{45E1681E-39DA-4C42-8628-C41CB6919B5C}.Debug|Any CPU.Build.0 = Debug|Any CPU
		{45E1681E-39DA-4C42-8628-C41CB6919B5C}.Release|Any CPU.ActiveCfg = Release|Any CPU
		{45E1681E-39DA-4C42-8628-C41CB6919B5C}.Release|Any CPU.Build.0 = Release|Any CPU
	EndGlobalSection
	GlobalSection(SolutionProperties) = preSolution
		HideSolutionNode = FALSE
	EndGlobalSection
	GlobalSection(ExtensibilityGlobals) = postSolution
		SolutionGuid = {CB5A1FC5-0D0D-40DE-81D4-C9498F888D22}
	EndGlobalSection
EndGlobal
